
Microsoft Visual Studio Solution File, Format Version 12.00
# Visual Studio Version 17
VisualStudioVersion = 17.6.33829.357
MinimumVisualStudioVersion = 10.0.40219.1
Project("{FAE04EC0-301F-11D3-BF4B-00C04F79EFBC}") = "adventure_of_the_text", "adventure_of_the_text\adventure_of_the_text.csproj", "{BE0A1A0B-86F4-4EBE-9AFA-AE588E907855}"
EndProject
Global
	GlobalSection(SolutionConfigurationPlatforms) = preSolution
		Debug|Any CPU = Debug|Any CPU
		Release|Any CPU = Release|Any CPU
	EndGlobalSection
	GlobalSection(ProjectConfigurationPlatforms) = postSolution
		{BE0A1A0B-86F4-4EBE-9AFA-AE588E907855}.Debug|Any CPU.ActiveCfg = Debug|Any CPU
		{BE0A1A0B-86F4-4EBE-9AFA-AE588E907855}.Debug|Any CPU.Build.0 = Debug|Any CPU
		{BE0A1A0B-86F4-4EBE-9AFA-AE588E907855}.Release|Any CPU.ActiveCfg = Release|Any CPU
		{BE0A1A0B-86F4-4EBE-9AFA-AE588E907855}.Release|Any CPU.Build.0 = Release|Any CPU
	EndGlobalSection
	GlobalSection(SolutionProperties) = preSolution
		HideSolutionNode = FALSE
	EndGlobalSection
	GlobalSection(ExtensibilityGlobals) = postSolution
		SolutionGuid = {CA6315B3-5CB6-4521-99C7-B7EA5085089E}
	EndGlobalSection
EndGlobal
